// !$*UTF8*$!
{
	archiveVersion = 1;
	classes = {
	};
	objectVersion = 55;
	objects = {

/* Begin PBXBuildFile section */
		3D1B2EDF28C735940091BD2F /* FirebaseAnalytics in Frameworks */ = {isa = PBXBuildFile; productRef = 3D1B2EDE28C735940091BD2F /* FirebaseAnalytics */; };
		3D1B2EE128C735940091BD2F /* FirebaseAnalyticsSwift in Frameworks */ = {isa = PBXBuildFile; productRef = 3D1B2EE028C735940091BD2F /* FirebaseAnalyticsSwift */; };
		3D1B2EE328C735940091BD2F /* FirebaseAnalyticsWithoutAdIdSupport in Frameworks */ = {isa = PBXBuildFile; productRef = 3D1B2EE228C735940091BD2F /* FirebaseAnalyticsWithoutAdIdSupport */; };
		3D1B2EE528C735940091BD2F /* FirebaseAppCheck in Frameworks */ = {isa = PBXBuildFile; productRef = 3D1B2EE428C735940091BD2F /* FirebaseAppCheck */; };
		3D1B2EE728C735940091BD2F /* FirebaseAppDistribution-Beta in Frameworks */ = {isa = PBXBuildFile; productRef = 3D1B2EE628C735940091BD2F /* FirebaseAppDistribution-Beta */; };
		3D1B2EE928C735940091BD2F /* FirebaseAuth in Frameworks */ = {isa = PBXBuildFile; productRef = 3D1B2EE828C735940091BD2F /* FirebaseAuth */; };
		3D1B2EEB28C735940091BD2F /* FirebaseAuthCombine-Community in Frameworks */ = {isa = PBXBuildFile; productRef = 3D1B2EEA28C735940091BD2F /* FirebaseAuthCombine-Community */; };
		3D1B2EED28C735940091BD2F /* FirebaseCrashlytics in Frameworks */ = {isa = PBXBuildFile; productRef = 3D1B2EEC28C735940091BD2F /* FirebaseCrashlytics */; };
		3D1B2EEF28C735940091BD2F /* FirebaseDatabase in Frameworks */ = {isa = PBXBuildFile; productRef = 3D1B2EEE28C735940091BD2F /* FirebaseDatabase */; };
		3D1B2EF128C735940091BD2F /* FirebaseDatabaseSwift in Frameworks */ = {isa = PBXBuildFile; productRef = 3D1B2EF028C735940091BD2F /* FirebaseDatabaseSwift */; };
		3D1B2EF328C735940091BD2F /* FirebaseDynamicLinks in Frameworks */ = {isa = PBXBuildFile; productRef = 3D1B2EF228C735940091BD2F /* FirebaseDynamicLinks */; };
		3D1B2EF528C735940091BD2F /* FirebaseFirestore in Frameworks */ = {isa = PBXBuildFile; productRef = 3D1B2EF428C735940091BD2F /* FirebaseFirestore */; };
		3D1B2EF728C735940091BD2F /* FirebaseFirestoreCombine-Community in Frameworks */ = {isa = PBXBuildFile; productRef = 3D1B2EF628C735940091BD2F /* FirebaseFirestoreCombine-Community */; };
		3D1B2EF928C735940091BD2F /* FirebaseFirestoreSwift in Frameworks */ = {isa = PBXBuildFile; productRef = 3D1B2EF828C735940091BD2F /* FirebaseFirestoreSwift */; };
		3D1B2EFB28C735940091BD2F /* FirebaseFunctions in Frameworks */ = {isa = PBXBuildFile; productRef = 3D1B2EFA28C735940091BD2F /* FirebaseFunctions */; };
		3D1B2EFD28C735940091BD2F /* FirebaseFunctionsCombine-Community in Frameworks */ = {isa = PBXBuildFile; productRef = 3D1B2EFC28C735940091BD2F /* FirebaseFunctionsCombine-Community */; };
		3D1B2EFF28C735940091BD2F /* FirebaseInAppMessaging-Beta in Frameworks */ = {isa = PBXBuildFile; productRef = 3D1B2EFE28C735940091BD2F /* FirebaseInAppMessaging-Beta */; };
		3D1B2F0128C735940091BD2F /* FirebaseInAppMessagingSwift-Beta in Frameworks */ = {isa = PBXBuildFile; productRef = 3D1B2F0028C735940091BD2F /* FirebaseInAppMessagingSwift-Beta */; };
		3D1B2F0328C735940091BD2F /* FirebaseInstallations in Frameworks */ = {isa = PBXBuildFile; productRef = 3D1B2F0228C735940091BD2F /* FirebaseInstallations */; };
		3D1B2F0528C735940091BD2F /* FirebaseMLModelDownloader in Frameworks */ = {isa = PBXBuildFile; productRef = 3D1B2F0428C735940091BD2F /* FirebaseMLModelDownloader */; };
		3D1B2F0728C735940091BD2F /* FirebaseMessaging in Frameworks */ = {isa = PBXBuildFile; productRef = 3D1B2F0628C735940091BD2F /* FirebaseMessaging */; };
		3D1B2F0928C735940091BD2F /* FirebasePerformance in Frameworks */ = {isa = PBXBuildFile; productRef = 3D1B2F0828C735940091BD2F /* FirebasePerformance */; };
		3D1B2F0B28C735940091BD2F /* FirebaseRemoteConfig in Frameworks */ = {isa = PBXBuildFile; productRef = 3D1B2F0A28C735940091BD2F /* FirebaseRemoteConfig */; };
		3D1B2F0D28C735940091BD2F /* FirebaseRemoteConfigSwift in Frameworks */ = {isa = PBXBuildFile; productRef = 3D1B2F0C28C735940091BD2F /* FirebaseRemoteConfigSwift */; };
		3D1B2F0F28C735940091BD2F /* FirebaseStorage in Frameworks */ = {isa = PBXBuildFile; productRef = 3D1B2F0E28C735940091BD2F /* FirebaseStorage */; };
		3D1B2F1128C735940091BD2F /* FirebaseStorageCombine-Community in Frameworks */ = {isa = PBXBuildFile; productRef = 3D1B2F1028C735940091BD2F /* FirebaseStorageCombine-Community */; };
		3D1B2F1328C737790091BD2F /* SignUpView.swift in Sources */ = {isa = PBXBuildFile; fileRef = 3D1B2F1228C737790091BD2F /* SignUpView.swift */; };
		3D275821289FC4BA00C7DD6C /* ImageShadowView.swift in Sources */ = {isa = PBXBuildFile; fileRef = 3D275820289FC4BA00C7DD6C /* ImageShadowView.swift */; };
		3D275823289FCDBD00C7DD6C /* DontUse in Resources */ = {isa = PBXBuildFile; fileRef = 3D275822289FCDBD00C7DD6C /* DontUse */; };
		3D27582528A00FBC00C7DD6C /* cat-eat.gif in Resources */ = {isa = PBXBuildFile; fileRef = 3D27582428A00FBC00C7DD6C /* cat-eat.gif */; };
		3D304AFD289CBFB700B269ED /* AssignGradientColor.swift in Sources */ = {isa = PBXBuildFile; fileRef = 3D304AFC289CBFB700B269ED /* AssignGradientColor.swift */; };
		3D304B03289ED8A300B269ED /* DrawCustomShapes.swift in Sources */ = {isa = PBXBuildFile; fileRef = 3D304B02289ED8A300B269ED /* DrawCustomShapes.swift */; };
		3D42C2182896D680005BA233 /* NotFoundView.swift in Sources */ = {isa = PBXBuildFile; fileRef = 3D42C2172896D680005BA233 /* NotFoundView.swift */; };
		3D42C21A2896D931005BA233 /* NavigateLink.swift in Sources */ = {isa = PBXBuildFile; fileRef = 3D42C2192896D931005BA233 /* NavigateLink.swift */; };
		3D4705DB288E4C0400502DD1 /* Restaurant.swift in Sources */ = {isa = PBXBuildFile; fileRef = 3D4705DA288E4C0400502DD1 /* Restaurant.swift */; };
		3D4D1B1C28CB211500034146 /* RestaurantList.swift in Sources */ = {isa = PBXBuildFile; fileRef = 3D4D1B1B28CB211500034146 /* RestaurantList.swift */; };
		3D837119289389830067C946 /* GifView.swift in Sources */ = {isa = PBXBuildFile; fileRef = 3D837118289389830067C946 /* GifView.swift */; };
		3D83711F289397340067C946 /* LaunchView.swift in Sources */ = {isa = PBXBuildFile; fileRef = 3D83711E289397340067C946 /* LaunchView.swift */; };
		3D83712E2893B9590067C946 /* RestaurantSearchCardView.swift in Sources */ = {isa = PBXBuildFile; fileRef = 3D83712D2893B9590067C946 /* RestaurantSearchCardView.swift */; };
		3D8371312893B9CC0067C946 /* RatingView.swift in Sources */ = {isa = PBXBuildFile; fileRef = 3D8371302893B9CC0067C946 /* RatingView.swift */; };
		3D83713D2893F6E40067C946 /* AppNameView.swift in Sources */ = {isa = PBXBuildFile; fileRef = 3D83713C2893F6E40067C946 /* AppNameView.swift */; };
		3D837145289410650067C946 /* LaunchContentView.swift in Sources */ = {isa = PBXBuildFile; fileRef = 3D837144289410650067C946 /* LaunchContentView.swift */; };
		3D85B3DC288FB0C8001BF2AF /* RestaurantModel.swift in Sources */ = {isa = PBXBuildFile; fileRef = 3D85B3DB288FB0C8001BF2AF /* RestaurantModel.swift */; };
		3D85B3DE288FE20E001BF2AF /* RestaurantCard.swift in Sources */ = {isa = PBXBuildFile; fileRef = 3D85B3DD288FE20E001BF2AF /* RestaurantCard.swift */; };
		3D85B3E4288FF57D001BF2AF /* RestaurantDetailView.swift in Sources */ = {isa = PBXBuildFile; fileRef = 3D85B3E3288FF57D001BF2AF /* RestaurantDetailView.swift */; };
		3D85B3EA289144FA001BF2AF /* restaurants.json in Resources */ = {isa = PBXBuildFile; fileRef = 3D85B3E9289144FA001BF2AF /* restaurants.json */; };
		3DC2FC972886E18E003750D3 /* EatTime.swift in Sources */ = {isa = PBXBuildFile; fileRef = 3DC2FC962886E18E003750D3 /* EatTime.swift */; };
		3DC2FC9B2886E18F003750D3 /* Assets.xcassets in Resources */ = {isa = PBXBuildFile; fileRef = 3DC2FC9A2886E18F003750D3 /* Assets.xcassets */; };
		3DC2FC9E2886E18F003750D3 /* Preview Assets.xcassets in Resources */ = {isa = PBXBuildFile; fileRef = 3DC2FC9D2886E18F003750D3 /* Preview Assets.xcassets */; };
		3DC2FCA62886E1E3003750D3 /* HomeView.swift in Sources */ = {isa = PBXBuildFile; fileRef = 3DC2FCA52886E1E3003750D3 /* HomeView.swift */; };
		3DCB4F6528CB8497000EEBDA /* RestaurantCardInfo.swift in Sources */ = {isa = PBXBuildFile; fileRef = 3DCB4F6428CB8497000EEBDA /* RestaurantCardInfo.swift */; };
		3DDCD18428CC936700B97159 /* RestaurantAsyncImage.swift in Sources */ = {isa = PBXBuildFile; fileRef = 3DDCD18328CC936700B97159 /* RestaurantAsyncImage.swift */; };
		3DF8693028CB049F00AB4363 /* GoogleService-Info.plist in Resources */ = {isa = PBXBuildFile; fileRef = 3DF8692F28CB049F00AB4363 /* GoogleService-Info.plist */; };
		44453CB328CCCFD300C00F6D /* AddReviewView.swift in Sources */ = {isa = PBXBuildFile; fileRef = 44453CB228CCCFD300C00F6D /* AddReviewView.swift */; };
		44453CB528CCD01E00C00F6D /* CircleButtonView.swift in Sources */ = {isa = PBXBuildFile; fileRef = 44453CB428CCD01E00C00F6D /* CircleButtonView.swift */; };
		44969A1428CC9E9F00F7EDD4 /* ReviewView.swift in Sources */ = {isa = PBXBuildFile; fileRef = 44969A1328CC9E9F00F7EDD4 /* ReviewView.swift */; };
		44969A1628CCBB3500F7EDD4 /* ReviewCard.swift in Sources */ = {isa = PBXBuildFile; fileRef = 44969A1528CCBB3500F7EDD4 /* ReviewCard.swift */; };
		44969A1828CCBE9E00F7EDD4 /* FormatDate.swift in Sources */ = {isa = PBXBuildFile; fileRef = 44969A1728CCBE9E00F7EDD4 /* FormatDate.swift */; };
		44CC5F1C28C6F49A003D7E19 /* User.swift in Sources */ = {isa = PBXBuildFile; fileRef = 44CC5F1B28C6F49A003D7E19 /* User.swift */; };
		44CC5F1E28C6FB1A003D7E19 /* UserModel.swift in Sources */ = {isa = PBXBuildFile; fileRef = 44CC5F1D28C6FB1A003D7E19 /* UserModel.swift */; };
		44FDA24828CDBD2C0039C46C /* RoundedButton.swift in Sources */ = {isa = PBXBuildFile; fileRef = 44FDA24728CDBD2C0039C46C /* RoundedButton.swift */; };
		54585AF728CC498A003567D5 /* LoginView.swift in Sources */ = {isa = PBXBuildFile; fileRef = 54585AF628CC498A003567D5 /* LoginView.swift */; };
		54585AF928CC501C003567D5 /* Constant.swift in Sources */ = {isa = PBXBuildFile; fileRef = 54585AF828CC501C003567D5 /* Constant.swift */; };
		54585AFD28CC52DA003567D5 /* Modifiers.swift in Sources */ = {isa = PBXBuildFile; fileRef = 54585AFC28CC52DA003567D5 /* Modifiers.swift */; };
		54585AFF28CC6CCA003567D5 /* ButtonStyle.swift in Sources */ = {isa = PBXBuildFile; fileRef = 54585AFE28CC6CCA003567D5 /* ButtonStyle.swift */; };
/* End PBXBuildFile section */

/* Begin PBXFileReference section */
		3D1B2F1228C737790091BD2F /* SignUpView.swift */ = {isa = PBXFileReference; lastKnownFileType = sourcecode.swift; path = SignUpView.swift; sourceTree = "<group>"; };
		3D275820289FC4BA00C7DD6C /* ImageShadowView.swift */ = {isa = PBXFileReference; lastKnownFileType = sourcecode.swift; path = ImageShadowView.swift; sourceTree = "<group>"; };
		3D275822289FCDBD00C7DD6C /* DontUse */ = {isa = PBXFileReference; lastKnownFileType = text; path = DontUse; sourceTree = "<group>"; };
		3D27582428A00FBC00C7DD6C /* cat-eat.gif */ = {isa = PBXFileReference; lastKnownFileType = image.gif; path = "cat-eat.gif"; sourceTree = "<group>"; };
		3D304AFC289CBFB700B269ED /* AssignGradientColor.swift */ = {isa = PBXFileReference; lastKnownFileType = sourcecode.swift; path = AssignGradientColor.swift; sourceTree = "<group>"; };
		3D304B02289ED8A300B269ED /* DrawCustomShapes.swift */ = {isa = PBXFileReference; lastKnownFileType = sourcecode.swift; path = DrawCustomShapes.swift; sourceTree = "<group>"; };
		3D42C2172896D680005BA233 /* NotFoundView.swift */ = {isa = PBXFileReference; lastKnownFileType = sourcecode.swift; path = NotFoundView.swift; sourceTree = "<group>"; };
		3D42C2192896D931005BA233 /* NavigateLink.swift */ = {isa = PBXFileReference; lastKnownFileType = sourcecode.swift; path = NavigateLink.swift; sourceTree = "<group>"; };
		3D4705DA288E4C0400502DD1 /* Restaurant.swift */ = {isa = PBXFileReference; lastKnownFileType = sourcecode.swift; path = Restaurant.swift; sourceTree = "<group>"; };
		3D4D1B1B28CB211500034146 /* RestaurantList.swift */ = {isa = PBXFileReference; lastKnownFileType = sourcecode.swift; path = RestaurantList.swift; sourceTree = "<group>"; };
		3D837118289389830067C946 /* GifView.swift */ = {isa = PBXFileReference; lastKnownFileType = sourcecode.swift; path = GifView.swift; sourceTree = "<group>"; };
		3D83711E289397340067C946 /* LaunchView.swift */ = {isa = PBXFileReference; lastKnownFileType = sourcecode.swift; path = LaunchView.swift; sourceTree = "<group>"; };
		3D83712028939CF30067C946 /* Info.plist */ = {isa = PBXFileReference; lastKnownFileType = text.plist; path = Info.plist; sourceTree = "<group>"; };
		3D83712D2893B9590067C946 /* RestaurantSearchCardView.swift */ = {isa = PBXFileReference; lastKnownFileType = sourcecode.swift; path = RestaurantSearchCardView.swift; sourceTree = "<group>"; };
		3D8371302893B9CC0067C946 /* RatingView.swift */ = {isa = PBXFileReference; lastKnownFileType = sourcecode.swift; path = RatingView.swift; sourceTree = "<group>"; };
		3D83713C2893F6E40067C946 /* AppNameView.swift */ = {isa = PBXFileReference; lastKnownFileType = sourcecode.swift; path = AppNameView.swift; sourceTree = "<group>"; };
		3D837144289410650067C946 /* LaunchContentView.swift */ = {isa = PBXFileReference; lastKnownFileType = sourcecode.swift; path = LaunchContentView.swift; sourceTree = "<group>"; };
		3D85B3DB288FB0C8001BF2AF /* RestaurantModel.swift */ = {isa = PBXFileReference; lastKnownFileType = sourcecode.swift; path = RestaurantModel.swift; sourceTree = "<group>"; };
		3D85B3DD288FE20E001BF2AF /* RestaurantCard.swift */ = {isa = PBXFileReference; lastKnownFileType = sourcecode.swift; path = RestaurantCard.swift; sourceTree = "<group>"; };
		3D85B3E3288FF57D001BF2AF /* RestaurantDetailView.swift */ = {isa = PBXFileReference; lastKnownFileType = sourcecode.swift; path = RestaurantDetailView.swift; sourceTree = "<group>"; };
		3D85B3E9289144FA001BF2AF /* restaurants.json */ = {isa = PBXFileReference; lastKnownFileType = text.json; path = restaurants.json; sourceTree = "<group>"; };
		3DC2FC932886E18E003750D3 /* Ambrosia.app */ = {isa = PBXFileReference; explicitFileType = wrapper.application; includeInIndex = 0; path = Ambrosia.app; sourceTree = BUILT_PRODUCTS_DIR; };
		3DC2FC962886E18E003750D3 /* EatTime.swift */ = {isa = PBXFileReference; lastKnownFileType = sourcecode.swift; path = EatTime.swift; sourceTree = "<group>"; };
		3DC2FC9A2886E18F003750D3 /* Assets.xcassets */ = {isa = PBXFileReference; lastKnownFileType = folder.assetcatalog; path = Assets.xcassets; sourceTree = "<group>"; };
		3DC2FC9D2886E18F003750D3 /* Preview Assets.xcassets */ = {isa = PBXFileReference; lastKnownFileType = folder.assetcatalog; path = "Preview Assets.xcassets"; sourceTree = "<group>"; };
		3DC2FCA52886E1E3003750D3 /* HomeView.swift */ = {isa = PBXFileReference; lastKnownFileType = sourcecode.swift; path = HomeView.swift; sourceTree = "<group>"; };
		3DCB4F6428CB8497000EEBDA /* RestaurantCardInfo.swift */ = {isa = PBXFileReference; lastKnownFileType = sourcecode.swift; path = RestaurantCardInfo.swift; sourceTree = "<group>"; };
		3DDCD18328CC936700B97159 /* RestaurantAsyncImage.swift */ = {isa = PBXFileReference; lastKnownFileType = sourcecode.swift; path = RestaurantAsyncImage.swift; sourceTree = "<group>"; };
		3DF8692F28CB049F00AB4363 /* GoogleService-Info.plist */ = {isa = PBXFileReference; fileEncoding = 4; lastKnownFileType = text.plist.xml; path = "GoogleService-Info.plist"; sourceTree = "<group>"; };
		44453CB228CCCFD300C00F6D /* AddReviewView.swift */ = {isa = PBXFileReference; lastKnownFileType = sourcecode.swift; path = AddReviewView.swift; sourceTree = "<group>"; };
		44453CB428CCD01E00C00F6D /* CircleButtonView.swift */ = {isa = PBXFileReference; lastKnownFileType = sourcecode.swift; path = CircleButtonView.swift; sourceTree = "<group>"; };
		44969A1328CC9E9F00F7EDD4 /* ReviewView.swift */ = {isa = PBXFileReference; lastKnownFileType = sourcecode.swift; path = ReviewView.swift; sourceTree = "<group>"; };
		44969A1528CCBB3500F7EDD4 /* ReviewCard.swift */ = {isa = PBXFileReference; lastKnownFileType = sourcecode.swift; path = ReviewCard.swift; sourceTree = "<group>"; };
		44969A1728CCBE9E00F7EDD4 /* FormatDate.swift */ = {isa = PBXFileReference; lastKnownFileType = sourcecode.swift; path = FormatDate.swift; sourceTree = "<group>"; };
		44CC5F1B28C6F49A003D7E19 /* User.swift */ = {isa = PBXFileReference; lastKnownFileType = sourcecode.swift; path = User.swift; sourceTree = "<group>"; };
		44CC5F1D28C6FB1A003D7E19 /* UserModel.swift */ = {isa = PBXFileReference; lastKnownFileType = sourcecode.swift; path = UserModel.swift; sourceTree = "<group>"; };
		44FDA24728CDBD2C0039C46C /* RoundedButton.swift */ = {isa = PBXFileReference; lastKnownFileType = sourcecode.swift; path = RoundedButton.swift; sourceTree = "<group>"; };
		54585AF628CC498A003567D5 /* LoginView.swift */ = {isa = PBXFileReference; lastKnownFileType = sourcecode.swift; path = LoginView.swift; sourceTree = "<group>"; };
		54585AF828CC501C003567D5 /* Constant.swift */ = {isa = PBXFileReference; lastKnownFileType = sourcecode.swift; path = Constant.swift; sourceTree = "<group>"; };
		54585AFC28CC52DA003567D5 /* Modifiers.swift */ = {isa = PBXFileReference; lastKnownFileType = sourcecode.swift; path = Modifiers.swift; sourceTree = "<group>"; };
		54585AFE28CC6CCA003567D5 /* ButtonStyle.swift */ = {isa = PBXFileReference; lastKnownFileType = sourcecode.swift; path = ButtonStyle.swift; sourceTree = "<group>"; };
/* End PBXFileReference section */

/* Begin PBXFrameworksBuildPhase section */
		3DC2FC902886E18E003750D3 /* Frameworks */ = {
			isa = PBXFrameworksBuildPhase;
			buildActionMask = 2147483647;
			files = (
				3D1B2F0928C735940091BD2F /* FirebasePerformance in Frameworks */,
				3D1B2EF728C735940091BD2F /* FirebaseFirestoreCombine-Community in Frameworks */,
				3D1B2EF128C735940091BD2F /* FirebaseDatabaseSwift in Frameworks */,
				3D1B2F0F28C735940091BD2F /* FirebaseStorage in Frameworks */,
				3D1B2EF328C735940091BD2F /* FirebaseDynamicLinks in Frameworks */,
				3D1B2EF928C735940091BD2F /* FirebaseFirestoreSwift in Frameworks */,
				3D1B2EE528C735940091BD2F /* FirebaseAppCheck in Frameworks */,
				3D1B2EFF28C735940091BD2F /* FirebaseInAppMessaging-Beta in Frameworks */,
				3D1B2EE928C735940091BD2F /* FirebaseAuth in Frameworks */,
				3D1B2F0528C735940091BD2F /* FirebaseMLModelDownloader in Frameworks */,
				3D1B2F0D28C735940091BD2F /* FirebaseRemoteConfigSwift in Frameworks */,
				3D1B2EE128C735940091BD2F /* FirebaseAnalyticsSwift in Frameworks */,
				3D1B2F0728C735940091BD2F /* FirebaseMessaging in Frameworks */,
				3D1B2F0328C735940091BD2F /* FirebaseInstallations in Frameworks */,
				3D1B2EFD28C735940091BD2F /* FirebaseFunctionsCombine-Community in Frameworks */,
				3D1B2EF528C735940091BD2F /* FirebaseFirestore in Frameworks */,
				3D1B2F1128C735940091BD2F /* FirebaseStorageCombine-Community in Frameworks */,
				3D1B2EE728C735940091BD2F /* FirebaseAppDistribution-Beta in Frameworks */,
				3D1B2EE328C735940091BD2F /* FirebaseAnalyticsWithoutAdIdSupport in Frameworks */,
				3D1B2EED28C735940091BD2F /* FirebaseCrashlytics in Frameworks */,
				3D1B2EEF28C735940091BD2F /* FirebaseDatabase in Frameworks */,
				3D1B2F0B28C735940091BD2F /* FirebaseRemoteConfig in Frameworks */,
				3D1B2EFB28C735940091BD2F /* FirebaseFunctions in Frameworks */,
				3D1B2EEB28C735940091BD2F /* FirebaseAuthCombine-Community in Frameworks */,
				3D1B2F0128C735940091BD2F /* FirebaseInAppMessagingSwift-Beta in Frameworks */,
				3D1B2EDF28C735940091BD2F /* FirebaseAnalytics in Frameworks */,
			);
			runOnlyForDeploymentPostprocessing = 0;
		};
/* End PBXFrameworksBuildPhase section */

/* Begin PBXGroup section */
		3D304AF4289CB77B00B269ED /* RestaurantViews */ = {
			isa = PBXGroup;
			children = (
				3DCB4F6628CB84D9000EEBDA /* Container */,
				3DCB4F6328CB8477000EEBDA /* Components */,
				3D4D1B1B28CB211500034146 /* RestaurantList.swift */,
				3D85B3E3288FF57D001BF2AF /* RestaurantDetailView.swift */,
				3D83712D2893B9590067C946 /* RestaurantSearchCardView.swift */,
				44969A1328CC9E9F00F7EDD4 /* ReviewView.swift */,
				44453CB228CCCFD300C00F6D /* AddReviewView.swift */,
			);
			path = RestaurantViews;
			sourceTree = "<group>";
		};
		3D304AF6289CB9A700B269ED /* Utils */ = {
			isa = PBXGroup;
			children = (
				3D304AFC289CBFB700B269ED /* AssignGradientColor.swift */,
				3D304B02289ED8A300B269ED /* DrawCustomShapes.swift */,
				44969A1728CCBE9E00F7EDD4 /* FormatDate.swift */,
			);
			path = Utils;
			sourceTree = "<group>";
		};
		3D304AF7289CB9BA00B269ED /* LaunchViews */ = {
			isa = PBXGroup;
			children = (
				3D83711E289397340067C946 /* LaunchView.swift */,
				3D837144289410650067C946 /* LaunchContentView.swift */,
			);
			path = LaunchViews;
			sourceTree = "<group>";
		};
		3D4705D8288DA1F600502DD1 /* Resources */ = {
			isa = PBXGroup;
			children = (
				3D85B3E9289144FA001BF2AF /* restaurants.json */,
				3D27582428A00FBC00C7DD6C /* cat-eat.gif */,
			);
			path = Resources;
			sourceTree = "<group>";
		};
		3D4705D9288E4BF600502DD1 /* Models */ = {
			isa = PBXGroup;
			children = (
				3D4705DA288E4C0400502DD1 /* Restaurant.swift */,
				44CC5F1B28C6F49A003D7E19 /* User.swift */,
			);
			path = Models;
			sourceTree = "<group>";
		};
		3D4705DC288E4D5C00502DD1 /* ViewModels */ = {
			isa = PBXGroup;
			children = (
				3D85B3DB288FB0C8001BF2AF /* RestaurantModel.swift */,
				44CC5F1D28C6FB1A003D7E19 /* UserModel.swift */,
			);
			path = ViewModels;
			sourceTree = "<group>";
		};
		3D83712F2893B9BB0067C946 /* Components */ = {
			isa = PBXGroup;
			children = (
				3D837118289389830067C946 /* GifView.swift */,
				3D42C2192896D931005BA233 /* NavigateLink.swift */,
				3D8371302893B9CC0067C946 /* RatingView.swift */,
				3D83713C2893F6E40067C946 /* AppNameView.swift */,
				3D42C2172896D680005BA233 /* NotFoundView.swift */,
				3D275820289FC4BA00C7DD6C /* ImageShadowView.swift */,
				44969A1528CCBB3500F7EDD4 /* ReviewCard.swift */,
				44453CB428CCD01E00C00F6D /* CircleButtonView.swift */,
				44FDA24728CDBD2C0039C46C /* RoundedButton.swift */,
			);
			path = Components;
			sourceTree = "<group>";
		};
		3DC2FC8A2886E18E003750D3 = {
			isa = PBXGroup;
			children = (
				3DC2FC952886E18E003750D3 /* Ambrosia */,
				3DC2FC942886E18E003750D3 /* Products */,
			);
			sourceTree = "<group>";
		};
		3DC2FC942886E18E003750D3 /* Products */ = {
			isa = PBXGroup;
			children = (
				3DC2FC932886E18E003750D3 /* Ambrosia.app */,
			);
			name = Products;
			sourceTree = "<group>";
		};
		3DC2FC952886E18E003750D3 /* Ambrosia */ = {
			isa = PBXGroup;
			children = (
				3DF8692F28CB049F00AB4363 /* GoogleService-Info.plist */,
				3D83712028939CF30067C946 /* Info.plist */,
				3D83712F2893B9BB0067C946 /* Components */,
				3D304AF6289CB9A700B269ED /* Utils */,
				3D4705DC288E4D5C00502DD1 /* ViewModels */,
				3D4705D9288E4BF600502DD1 /* Models */,
				3D4705D8288DA1F600502DD1 /* Resources */,
				3DC2FCA42886E1CE003750D3 /* Views */,
				3DC2FC9A2886E18F003750D3 /* Assets.xcassets */,
				3DC2FC9C2886E18F003750D3 /* Preview Content */,
				3D275822289FCDBD00C7DD6C /* DontUse */,
			);
			path = Ambrosia;
			sourceTree = "<group>";
		};
		3DC2FC9C2886E18F003750D3 /* Preview Content */ = {
			isa = PBXGroup;
			children = (
				3DC2FC9D2886E18F003750D3 /* Preview Assets.xcassets */,
			);
			path = "Preview Content";
			sourceTree = "<group>";
		};
		3DC2FCA42886E1CE003750D3 /* Views */ = {
			isa = PBXGroup;
			children = (
				54585AFB28CC52AE003567D5 /* UISupport */,
				3D304AF7289CB9BA00B269ED /* LaunchViews */,
				3DC2FCA52886E1E3003750D3 /* HomeView.swift */,
				3DC2FC962886E18E003750D3 /* EatTime.swift */,
				44A7C10A28CB05B6003D9F02 /* ProgessViews */,
				44A7C10928CB0504003D9F02 /* SettingViews */,
				44A7C10828CB03CE003D9F02 /* AuthViews */,
				3D304AF4289CB77B00B269ED /* RestaurantViews */,
				54585AF828CC501C003567D5 /* Constant.swift */,
			);
			path = Views;
			sourceTree = "<group>";
		};
		3DCB4F6328CB8477000EEBDA /* Components */ = {
			isa = PBXGroup;
			children = (
				3DCB4F6428CB8497000EEBDA /* RestaurantCardInfo.swift */,
				3DDCD18328CC936700B97159 /* RestaurantAsyncImage.swift */,
			);
			path = Components;
			sourceTree = "<group>";
		};
		3DCB4F6628CB84D9000EEBDA /* Container */ = {
			isa = PBXGroup;
			children = (
				3D85B3DD288FE20E001BF2AF /* RestaurantCard.swift */,
			);
			path = Container;
			sourceTree = "<group>";
		};
		44A7C10828CB03CE003D9F02 /* AuthViews */ = {
			isa = PBXGroup;
			children = (
				3D1B2F1228C737790091BD2F /* SignUpView.swift */,
				54585AF628CC498A003567D5 /* LoginView.swift */,
			);
			path = AuthViews;
			sourceTree = "<group>";
		};
		44A7C10928CB0504003D9F02 /* SettingViews */ = {
			isa = PBXGroup;
			children = (
			);
			path = SettingViews;
			sourceTree = "<group>";
		};
		44A7C10A28CB05B6003D9F02 /* ProgessViews */ = {
			isa = PBXGroup;
			children = (
			);
			path = ProgessViews;
			sourceTree = "<group>";
		};
		54585AFB28CC52AE003567D5 /* UISupport */ = {
			isa = PBXGroup;
			children = (
				54585AFC28CC52DA003567D5 /* Modifiers.swift */,
				54585AFE28CC6CCA003567D5 /* ButtonStyle.swift */,
			);
			path = UISupport;
			sourceTree = "<group>";
		};
/* End PBXGroup section */

/* Begin PBXNativeTarget section */
		3DC2FC922886E18E003750D3 /* Ambrosia */ = {
			isa = PBXNativeTarget;
			buildConfigurationList = 3DC2FCA12886E18F003750D3 /* Build configuration list for PBXNativeTarget "Ambrosia" */;
			buildPhases = (
				3DC2FC8F2886E18E003750D3 /* Sources */,
				3DC2FC902886E18E003750D3 /* Frameworks */,
				3DC2FC912886E18E003750D3 /* Resources */,
			);
			buildRules = (
			);
			dependencies = (
			);
			name = Ambrosia;
			packageProductDependencies = (
				3D1B2EDE28C735940091BD2F /* FirebaseAnalytics */,
				3D1B2EE028C735940091BD2F /* FirebaseAnalyticsSwift */,
				3D1B2EE228C735940091BD2F /* FirebaseAnalyticsWithoutAdIdSupport */,
				3D1B2EE428C735940091BD2F /* FirebaseAppCheck */,
				3D1B2EE628C735940091BD2F /* FirebaseAppDistribution-Beta */,
				3D1B2EE828C735940091BD2F /* FirebaseAuth */,
				3D1B2EEA28C735940091BD2F /* FirebaseAuthCombine-Community */,
				3D1B2EEC28C735940091BD2F /* FirebaseCrashlytics */,
				3D1B2EEE28C735940091BD2F /* FirebaseDatabase */,
				3D1B2EF028C735940091BD2F /* FirebaseDatabaseSwift */,
				3D1B2EF228C735940091BD2F /* FirebaseDynamicLinks */,
				3D1B2EF428C735940091BD2F /* FirebaseFirestore */,
				3D1B2EF628C735940091BD2F /* FirebaseFirestoreCombine-Community */,
				3D1B2EF828C735940091BD2F /* FirebaseFirestoreSwift */,
				3D1B2EFA28C735940091BD2F /* FirebaseFunctions */,
				3D1B2EFC28C735940091BD2F /* FirebaseFunctionsCombine-Community */,
				3D1B2EFE28C735940091BD2F /* FirebaseInAppMessaging-Beta */,
				3D1B2F0028C735940091BD2F /* FirebaseInAppMessagingSwift-Beta */,
				3D1B2F0228C735940091BD2F /* FirebaseInstallations */,
				3D1B2F0428C735940091BD2F /* FirebaseMLModelDownloader */,
				3D1B2F0628C735940091BD2F /* FirebaseMessaging */,
				3D1B2F0828C735940091BD2F /* FirebasePerformance */,
				3D1B2F0A28C735940091BD2F /* FirebaseRemoteConfig */,
				3D1B2F0C28C735940091BD2F /* FirebaseRemoteConfigSwift */,
				3D1B2F0E28C735940091BD2F /* FirebaseStorage */,
				3D1B2F1028C735940091BD2F /* FirebaseStorageCombine-Community */,
			);
			productName = WhatToEatToday;
			productReference = 3DC2FC932886E18E003750D3 /* Ambrosia.app */;
			productType = "com.apple.product-type.application";
		};
/* End PBXNativeTarget section */

/* Begin PBXProject section */
		3DC2FC8B2886E18E003750D3 /* Project object */ = {
			isa = PBXProject;
			attributes = {
				BuildIndependentTargetsInParallel = 1;
				LastSwiftUpdateCheck = 1340;
				LastUpgradeCheck = 1340;
				TargetAttributes = {
					3DC2FC922886E18E003750D3 = {
						CreatedOnToolsVersion = 13.4.1;
					};
				};
			};
			buildConfigurationList = 3DC2FC8E2886E18E003750D3 /* Build configuration list for PBXProject "Ambrosia" */;
			compatibilityVersion = "Xcode 13.0";
			developmentRegion = en;
			hasScannedForEncodings = 0;
			knownRegions = (
				en,
				Base,
			);
			mainGroup = 3DC2FC8A2886E18E003750D3;
			packageReferences = (
				3D1B2EDD28C735940091BD2F /* XCRemoteSwiftPackageReference "firebase-ios-sdk" */,
			);
			productRefGroup = 3DC2FC942886E18E003750D3 /* Products */;
			projectDirPath = "";
			projectRoot = "";
			targets = (
				3DC2FC922886E18E003750D3 /* Ambrosia */,
			);
		};
/* End PBXProject section */

/* Begin PBXResourcesBuildPhase section */
		3DC2FC912886E18E003750D3 /* Resources */ = {
			isa = PBXResourcesBuildPhase;
			buildActionMask = 2147483647;
			files = (
				3DC2FC9E2886E18F003750D3 /* Preview Assets.xcassets in Resources */,
				3D85B3EA289144FA001BF2AF /* restaurants.json in Resources */,
				3D27582528A00FBC00C7DD6C /* cat-eat.gif in Resources */,
				3D275823289FCDBD00C7DD6C /* DontUse in Resources */,
				3DC2FC9B2886E18F003750D3 /* Assets.xcassets in Resources */,
				3DF8693028CB049F00AB4363 /* GoogleService-Info.plist in Resources */,
			);
			runOnlyForDeploymentPostprocessing = 0;
		};
/* End PBXResourcesBuildPhase section */

/* Begin PBXSourcesBuildPhase section */
		3DC2FC8F2886E18E003750D3 /* Sources */ = {
			isa = PBXSourcesBuildPhase;
			buildActionMask = 2147483647;
			files = (
				3DC2FC972886E18E003750D3 /* EatTime.swift in Sources */,
				3D42C2182896D680005BA233 /* NotFoundView.swift in Sources */,
				44CC5F1C28C6F49A003D7E19 /* User.swift in Sources */,
				3D8371312893B9CC0067C946 /* RatingView.swift in Sources */,
				3DDCD18428CC936700B97159 /* RestaurantAsyncImage.swift in Sources */,
				54585AF728CC498A003567D5 /* LoginView.swift in Sources */,
				3DDCD18428CC936700B97159 /* RestaurantAsyncImage.swift in Sources */,
				3D304AFD289CBFB700B269ED /* AssignGradientColor.swift in Sources */,
				3D83711F289397340067C946 /* LaunchView.swift in Sources */,
				3DC2FCA62886E1E3003750D3 /* HomeView.swift in Sources */,
				3D85B3DC288FB0C8001BF2AF /* RestaurantModel.swift in Sources */,
				44969A1428CC9E9F00F7EDD4 /* ReviewView.swift in Sources */,
				3DCB4F6528CB8497000EEBDA /* RestaurantCardInfo.swift in Sources */,
				3DCB4F6528CB8497000EEBDA /* RestaurantCardInfo.swift in Sources */,
				3D4705DB288E4C0400502DD1 /* Restaurant.swift in Sources */,
				44969A1828CCBE9E00F7EDD4 /* FormatDate.swift in Sources */,
				44453CB328CCCFD300C00F6D /* AddReviewView.swift in Sources */,
				54585AF928CC501C003567D5 /* Constant.swift in Sources */,
				3D85B3E4288FF57D001BF2AF /* RestaurantDetailView.swift in Sources */,
				54585AFF28CC6CCA003567D5 /* ButtonStyle.swift in Sources */,
				3D83713D2893F6E40067C946 /* AppNameView.swift in Sources */,
				3D304B03289ED8A300B269ED /* DrawCustomShapes.swift in Sources */,
				3D4D1B1C28CB211500034146 /* RestaurantList.swift in Sources */,
				3D85B3DE288FE20E001BF2AF /* RestaurantCard.swift in Sources */,
				3D275821289FC4BA00C7DD6C /* ImageShadowView.swift in Sources */,
				44CC5F1E28C6FB1A003D7E19 /* UserModel.swift in Sources */,
				3D837119289389830067C946 /* GifView.swift in Sources */,
				3D837145289410650067C946 /* LaunchContentView.swift in Sources */,
				3D1B2F1328C737790091BD2F /* SignUpView.swift in Sources */,
				3D42C21A2896D931005BA233 /* NavigateLink.swift in Sources */,
				3D83712E2893B9590067C946 /* RestaurantSearchCardView.swift in Sources */,
				44FDA24828CDBD2C0039C46C /* RoundedButton.swift in Sources */,
				44453CB528CCD01E00C00F6D /* CircleButtonView.swift in Sources */,
				44969A1628CCBB3500F7EDD4 /* ReviewCard.swift in Sources */,
				54585AFD28CC52DA003567D5 /* Modifiers.swift in Sources */,
			);
			runOnlyForDeploymentPostprocessing = 0;
		};
/* End PBXSourcesBuildPhase section */

/* Begin XCBuildConfiguration section */
		3DC2FC9F2886E18F003750D3 /* Debug */ = {
			isa = XCBuildConfiguration;
			buildSettings = {
				ALWAYS_SEARCH_USER_PATHS = NO;
				CLANG_ANALYZER_NONNULL = YES;
				CLANG_ANALYZER_NUMBER_OBJECT_CONVERSION = YES_AGGRESSIVE;
				CLANG_CXX_LANGUAGE_STANDARD = "gnu++17";
				CLANG_ENABLE_MODULES = YES;
				CLANG_ENABLE_OBJC_ARC = YES;
				CLANG_ENABLE_OBJC_WEAK = YES;
				CLANG_WARN_BLOCK_CAPTURE_AUTORELEASING = YES;
				CLANG_WARN_BOOL_CONVERSION = YES;
				CLANG_WARN_COMMA = YES;
				CLANG_WARN_CONSTANT_CONVERSION = YES;
				CLANG_WARN_DEPRECATED_OBJC_IMPLEMENTATIONS = YES;
				CLANG_WARN_DIRECT_OBJC_ISA_USAGE = YES_ERROR;
				CLANG_WARN_DOCUMENTATION_COMMENTS = YES;
				CLANG_WARN_EMPTY_BODY = YES;
				CLANG_WARN_ENUM_CONVERSION = YES;
				CLANG_WARN_INFINITE_RECURSION = YES;
				CLANG_WARN_INT_CONVERSION = YES;
				CLANG_WARN_NON_LITERAL_NULL_CONVERSION = YES;
				CLANG_WARN_OBJC_IMPLICIT_RETAIN_SELF = YES;
				CLANG_WARN_OBJC_LITERAL_CONVERSION = YES;
				CLANG_WARN_OBJC_ROOT_CLASS = YES_ERROR;
				CLANG_WARN_QUOTED_INCLUDE_IN_FRAMEWORK_HEADER = YES;
				CLANG_WARN_RANGE_LOOP_ANALYSIS = YES;
				CLANG_WARN_STRICT_PROTOTYPES = YES;
				CLANG_WARN_SUSPICIOUS_MOVE = YES;
				CLANG_WARN_UNGUARDED_AVAILABILITY = YES_AGGRESSIVE;
				CLANG_WARN_UNREACHABLE_CODE = YES;
				CLANG_WARN__DUPLICATE_METHOD_MATCH = YES;
				COPY_PHASE_STRIP = NO;
				DEBUG_INFORMATION_FORMAT = dwarf;
				ENABLE_STRICT_OBJC_MSGSEND = YES;
				ENABLE_TESTABILITY = YES;
				GCC_C_LANGUAGE_STANDARD = gnu11;
				GCC_DYNAMIC_NO_PIC = NO;
				GCC_NO_COMMON_BLOCKS = YES;
				GCC_OPTIMIZATION_LEVEL = 0;
				GCC_PREPROCESSOR_DEFINITIONS = (
					"DEBUG=1",
					"$(inherited)",
				);
				GCC_WARN_64_TO_32_BIT_CONVERSION = YES;
				GCC_WARN_ABOUT_RETURN_TYPE = YES_ERROR;
				GCC_WARN_UNDECLARED_SELECTOR = YES;
				GCC_WARN_UNINITIALIZED_AUTOS = YES_AGGRESSIVE;
				GCC_WARN_UNUSED_FUNCTION = YES;
				GCC_WARN_UNUSED_VARIABLE = YES;
				IPHONEOS_DEPLOYMENT_TARGET = 15.3;
				MTL_ENABLE_DEBUG_INFO = INCLUDE_SOURCE;
				MTL_FAST_MATH = YES;
				ONLY_ACTIVE_ARCH = YES;
				SDKROOT = iphoneos;
				SWIFT_ACTIVE_COMPILATION_CONDITIONS = DEBUG;
				SWIFT_OPTIMIZATION_LEVEL = "-Onone";
			};
			name = Debug;
		};
		3DC2FCA02886E18F003750D3 /* Release */ = {
			isa = XCBuildConfiguration;
			buildSettings = {
				ALWAYS_SEARCH_USER_PATHS = NO;
				CLANG_ANALYZER_NONNULL = YES;
				CLANG_ANALYZER_NUMBER_OBJECT_CONVERSION = YES_AGGRESSIVE;
				CLANG_CXX_LANGUAGE_STANDARD = "gnu++17";
				CLANG_ENABLE_MODULES = YES;
				CLANG_ENABLE_OBJC_ARC = YES;
				CLANG_ENABLE_OBJC_WEAK = YES;
				CLANG_WARN_BLOCK_CAPTURE_AUTORELEASING = YES;
				CLANG_WARN_BOOL_CONVERSION = YES;
				CLANG_WARN_COMMA = YES;
				CLANG_WARN_CONSTANT_CONVERSION = YES;
				CLANG_WARN_DEPRECATED_OBJC_IMPLEMENTATIONS = YES;
				CLANG_WARN_DIRECT_OBJC_ISA_USAGE = YES_ERROR;
				CLANG_WARN_DOCUMENTATION_COMMENTS = YES;
				CLANG_WARN_EMPTY_BODY = YES;
				CLANG_WARN_ENUM_CONVERSION = YES;
				CLANG_WARN_INFINITE_RECURSION = YES;
				CLANG_WARN_INT_CONVERSION = YES;
				CLANG_WARN_NON_LITERAL_NULL_CONVERSION = YES;
				CLANG_WARN_OBJC_IMPLICIT_RETAIN_SELF = YES;
				CLANG_WARN_OBJC_LITERAL_CONVERSION = YES;
				CLANG_WARN_OBJC_ROOT_CLASS = YES_ERROR;
				CLANG_WARN_QUOTED_INCLUDE_IN_FRAMEWORK_HEADER = YES;
				CLANG_WARN_RANGE_LOOP_ANALYSIS = YES;
				CLANG_WARN_STRICT_PROTOTYPES = YES;
				CLANG_WARN_SUSPICIOUS_MOVE = YES;
				CLANG_WARN_UNGUARDED_AVAILABILITY = YES_AGGRESSIVE;
				CLANG_WARN_UNREACHABLE_CODE = YES;
				CLANG_WARN__DUPLICATE_METHOD_MATCH = YES;
				COPY_PHASE_STRIP = NO;
				DEBUG_INFORMATION_FORMAT = "dwarf-with-dsym";
				ENABLE_NS_ASSERTIONS = NO;
				ENABLE_STRICT_OBJC_MSGSEND = YES;
				GCC_C_LANGUAGE_STANDARD = gnu11;
				GCC_NO_COMMON_BLOCKS = YES;
				GCC_WARN_64_TO_32_BIT_CONVERSION = YES;
				GCC_WARN_ABOUT_RETURN_TYPE = YES_ERROR;
				GCC_WARN_UNDECLARED_SELECTOR = YES;
				GCC_WARN_UNINITIALIZED_AUTOS = YES_AGGRESSIVE;
				GCC_WARN_UNUSED_FUNCTION = YES;
				GCC_WARN_UNUSED_VARIABLE = YES;
				IPHONEOS_DEPLOYMENT_TARGET = 15.3;
				MTL_ENABLE_DEBUG_INFO = NO;
				MTL_FAST_MATH = YES;
				SDKROOT = iphoneos;
				SWIFT_COMPILATION_MODE = wholemodule;
				SWIFT_OPTIMIZATION_LEVEL = "-O";
				VALIDATE_PRODUCT = YES;
			};
			name = Release;
		};
		3DC2FCA22886E18F003750D3 /* Debug */ = {
			isa = XCBuildConfiguration;
			buildSettings = {
				ASSETCATALOG_COMPILER_APPICON_NAME = AppIcon;
				ASSETCATALOG_COMPILER_GLOBAL_ACCENT_COLOR_NAME = AccentColor;
				ASSETCATALOG_COMPILER_INCLUDE_ALL_APPICON_ASSETS = YES;
				CODE_SIGN_STYLE = Automatic;
				CURRENT_PROJECT_VERSION = 1;
				DEVELOPMENT_ASSET_PATHS = "\"Ambrosia/Preview Content\"";
				DEVELOPMENT_TEAM = 96KC8DHUNT;
				ENABLE_PREVIEWS = YES;
				GENERATE_INFOPLIST_FILE = YES;
				INFOPLIST_FILE = WhatToEatToday/Info.plist;
				INFOPLIST_KEY_CFBundleDisplayName = Ambrosia;
				INFOPLIST_KEY_NSLocationWhenInUseUsageDescription = "Please allow us to access your location";
				INFOPLIST_KEY_UIApplicationSceneManifest_Generation = YES;
				INFOPLIST_KEY_UIApplicationSupportsIndirectInputEvents = YES;
				INFOPLIST_KEY_UILaunchScreen_Generation = YES;
				INFOPLIST_KEY_UISupportedInterfaceOrientations_iPad = "UIInterfaceOrientationPortrait UIInterfaceOrientationPortraitUpsideDown UIInterfaceOrientationLandscapeLeft UIInterfaceOrientationLandscapeRight";
				INFOPLIST_KEY_UISupportedInterfaceOrientations_iPhone = "UIInterfaceOrientationPortrait UIInterfaceOrientationLandscapeLeft UIInterfaceOrientationLandscapeRight";
				INFOPLIST_KEY_UIUserInterfaceStyle = Light;
				IPHONEOS_DEPLOYMENT_TARGET = 15.4;
				LD_RUNPATH_SEARCH_PATHS = (
					"$(inherited)",
					"@executable_path/Frameworks",
				);
				MARKETING_VERSION = 1.0;
				PRODUCT_BUNDLE_IDENTIFIER = ambrosia.Ambrosia;
				PRODUCT_NAME = "$(TARGET_NAME)";
				SWIFT_EMIT_LOC_STRINGS = YES;
				SWIFT_VERSION = 5.0;
				TARGETED_DEVICE_FAMILY = "1,2";
			};
			name = Debug;
		};
		3DC2FCA32886E18F003750D3 /* Release */ = {
			isa = XCBuildConfiguration;
			buildSettings = {
				ASSETCATALOG_COMPILER_APPICON_NAME = AppIcon;
				ASSETCATALOG_COMPILER_GLOBAL_ACCENT_COLOR_NAME = AccentColor;
				ASSETCATALOG_COMPILER_INCLUDE_ALL_APPICON_ASSETS = YES;
				CODE_SIGN_STYLE = Automatic;
				CURRENT_PROJECT_VERSION = 1;
				DEVELOPMENT_ASSET_PATHS = "\"Ambrosia/Preview Content\"";
				DEVELOPMENT_TEAM = 96KC8DHUNT;
				ENABLE_PREVIEWS = YES;
				GENERATE_INFOPLIST_FILE = YES;
				INFOPLIST_FILE = WhatToEatToday/Info.plist;
				INFOPLIST_KEY_CFBundleDisplayName = Ambrosia;
				INFOPLIST_KEY_NSLocationWhenInUseUsageDescription = "Please allow us to access your location";
				INFOPLIST_KEY_UIApplicationSceneManifest_Generation = YES;
				INFOPLIST_KEY_UIApplicationSupportsIndirectInputEvents = YES;
				INFOPLIST_KEY_UILaunchScreen_Generation = YES;
				INFOPLIST_KEY_UISupportedInterfaceOrientations_iPad = "UIInterfaceOrientationPortrait UIInterfaceOrientationPortraitUpsideDown UIInterfaceOrientationLandscapeLeft UIInterfaceOrientationLandscapeRight";
				INFOPLIST_KEY_UISupportedInterfaceOrientations_iPhone = "UIInterfaceOrientationPortrait UIInterfaceOrientationLandscapeLeft UIInterfaceOrientationLandscapeRight";
				INFOPLIST_KEY_UIUserInterfaceStyle = Light;
				IPHONEOS_DEPLOYMENT_TARGET = 15.4;
				LD_RUNPATH_SEARCH_PATHS = (
					"$(inherited)",
					"@executable_path/Frameworks",
				);
				MARKETING_VERSION = 1.0;
				PRODUCT_BUNDLE_IDENTIFIER = ambrosia.Ambrosia;
				PRODUCT_NAME = "$(TARGET_NAME)";
				SWIFT_EMIT_LOC_STRINGS = YES;
				SWIFT_VERSION = 5.0;
				TARGETED_DEVICE_FAMILY = "1,2";
			};
			name = Release;
		};
/* End XCBuildConfiguration section */

/* Begin XCConfigurationList section */
		3DC2FC8E2886E18E003750D3 /* Build configuration list for PBXProject "Ambrosia" */ = {
			isa = XCConfigurationList;
			buildConfigurations = (
				3DC2FC9F2886E18F003750D3 /* Debug */,
				3DC2FCA02886E18F003750D3 /* Release */,
			);
			defaultConfigurationIsVisible = 0;
			defaultConfigurationName = Release;
		};
		3DC2FCA12886E18F003750D3 /* Build configuration list for PBXNativeTarget "Ambrosia" */ = {
			isa = XCConfigurationList;
			buildConfigurations = (
				3DC2FCA22886E18F003750D3 /* Debug */,
				3DC2FCA32886E18F003750D3 /* Release */,
			);
			defaultConfigurationIsVisible = 0;
			defaultConfigurationName = Release;
		};
/* End XCConfigurationList section */

/* Begin XCRemoteSwiftPackageReference section */
		3D1B2EDD28C735940091BD2F /* XCRemoteSwiftPackageReference "firebase-ios-sdk" */ = {
			isa = XCRemoteSwiftPackageReference;
			repositoryURL = "https://github.com/firebase/firebase-ios-sdk";
			requirement = {
				kind = upToNextMajorVersion;
				minimumVersion = 9.0.0;
			};
		};
/* End XCRemoteSwiftPackageReference section */

/* Begin XCSwiftPackageProductDependency section */
		3D1B2EDE28C735940091BD2F /* FirebaseAnalytics */ = {
			isa = XCSwiftPackageProductDependency;
			package = 3D1B2EDD28C735940091BD2F /* XCRemoteSwiftPackageReference "firebase-ios-sdk" */;
			productName = FirebaseAnalytics;
		};
		3D1B2EE028C735940091BD2F /* FirebaseAnalyticsSwift */ = {
			isa = XCSwiftPackageProductDependency;
			package = 3D1B2EDD28C735940091BD2F /* XCRemoteSwiftPackageReference "firebase-ios-sdk" */;
			productName = FirebaseAnalyticsSwift;
		};
		3D1B2EE228C735940091BD2F /* FirebaseAnalyticsWithoutAdIdSupport */ = {
			isa = XCSwiftPackageProductDependency;
			package = 3D1B2EDD28C735940091BD2F /* XCRemoteSwiftPackageReference "firebase-ios-sdk" */;
			productName = FirebaseAnalyticsWithoutAdIdSupport;
		};
		3D1B2EE428C735940091BD2F /* FirebaseAppCheck */ = {
			isa = XCSwiftPackageProductDependency;
			package = 3D1B2EDD28C735940091BD2F /* XCRemoteSwiftPackageReference "firebase-ios-sdk" */;
			productName = FirebaseAppCheck;
		};
		3D1B2EE628C735940091BD2F /* FirebaseAppDistribution-Beta */ = {
			isa = XCSwiftPackageProductDependency;
			package = 3D1B2EDD28C735940091BD2F /* XCRemoteSwiftPackageReference "firebase-ios-sdk" */;
			productName = "FirebaseAppDistribution-Beta";
		};
		3D1B2EE828C735940091BD2F /* FirebaseAuth */ = {
			isa = XCSwiftPackageProductDependency;
			package = 3D1B2EDD28C735940091BD2F /* XCRemoteSwiftPackageReference "firebase-ios-sdk" */;
			productName = FirebaseAuth;
		};
		3D1B2EEA28C735940091BD2F /* FirebaseAuthCombine-Community */ = {
			isa = XCSwiftPackageProductDependency;
			package = 3D1B2EDD28C735940091BD2F /* XCRemoteSwiftPackageReference "firebase-ios-sdk" */;
			productName = "FirebaseAuthCombine-Community";
		};
		3D1B2EEC28C735940091BD2F /* FirebaseCrashlytics */ = {
			isa = XCSwiftPackageProductDependency;
			package = 3D1B2EDD28C735940091BD2F /* XCRemoteSwiftPackageReference "firebase-ios-sdk" */;
			productName = FirebaseCrashlytics;
		};
		3D1B2EEE28C735940091BD2F /* FirebaseDatabase */ = {
			isa = XCSwiftPackageProductDependency;
			package = 3D1B2EDD28C735940091BD2F /* XCRemoteSwiftPackageReference "firebase-ios-sdk" */;
			productName = FirebaseDatabase;
		};
		3D1B2EF028C735940091BD2F /* FirebaseDatabaseSwift */ = {
			isa = XCSwiftPackageProductDependency;
			package = 3D1B2EDD28C735940091BD2F /* XCRemoteSwiftPackageReference "firebase-ios-sdk" */;
			productName = FirebaseDatabaseSwift;
		};
		3D1B2EF228C735940091BD2F /* FirebaseDynamicLinks */ = {
			isa = XCSwiftPackageProductDependency;
			package = 3D1B2EDD28C735940091BD2F /* XCRemoteSwiftPackageReference "firebase-ios-sdk" */;
			productName = FirebaseDynamicLinks;
		};
		3D1B2EF428C735940091BD2F /* FirebaseFirestore */ = {
			isa = XCSwiftPackageProductDependency;
			package = 3D1B2EDD28C735940091BD2F /* XCRemoteSwiftPackageReference "firebase-ios-sdk" */;
			productName = FirebaseFirestore;
		};
		3D1B2EF628C735940091BD2F /* FirebaseFirestoreCombine-Community */ = {
			isa = XCSwiftPackageProductDependency;
			package = 3D1B2EDD28C735940091BD2F /* XCRemoteSwiftPackageReference "firebase-ios-sdk" */;
			productName = "FirebaseFirestoreCombine-Community";
		};
		3D1B2EF828C735940091BD2F /* FirebaseFirestoreSwift */ = {
			isa = XCSwiftPackageProductDependency;
			package = 3D1B2EDD28C735940091BD2F /* XCRemoteSwiftPackageReference "firebase-ios-sdk" */;
			productName = FirebaseFirestoreSwift;
		};
		3D1B2EFA28C735940091BD2F /* FirebaseFunctions */ = {
			isa = XCSwiftPackageProductDependency;
			package = 3D1B2EDD28C735940091BD2F /* XCRemoteSwiftPackageReference "firebase-ios-sdk" */;
			productName = FirebaseFunctions;
		};
		3D1B2EFC28C735940091BD2F /* FirebaseFunctionsCombine-Community */ = {
			isa = XCSwiftPackageProductDependency;
			package = 3D1B2EDD28C735940091BD2F /* XCRemoteSwiftPackageReference "firebase-ios-sdk" */;
			productName = "FirebaseFunctionsCombine-Community";
		};
		3D1B2EFE28C735940091BD2F /* FirebaseInAppMessaging-Beta */ = {
			isa = XCSwiftPackageProductDependency;
			package = 3D1B2EDD28C735940091BD2F /* XCRemoteSwiftPackageReference "firebase-ios-sdk" */;
			productName = "FirebaseInAppMessaging-Beta";
		};
		3D1B2F0028C735940091BD2F /* FirebaseInAppMessagingSwift-Beta */ = {
			isa = XCSwiftPackageProductDependency;
			package = 3D1B2EDD28C735940091BD2F /* XCRemoteSwiftPackageReference "firebase-ios-sdk" */;
			productName = "FirebaseInAppMessagingSwift-Beta";
		};
		3D1B2F0228C735940091BD2F /* FirebaseInstallations */ = {
			isa = XCSwiftPackageProductDependency;
			package = 3D1B2EDD28C735940091BD2F /* XCRemoteSwiftPackageReference "firebase-ios-sdk" */;
			productName = FirebaseInstallations;
		};
		3D1B2F0428C735940091BD2F /* FirebaseMLModelDownloader */ = {
			isa = XCSwiftPackageProductDependency;
			package = 3D1B2EDD28C735940091BD2F /* XCRemoteSwiftPackageReference "firebase-ios-sdk" */;
			productName = FirebaseMLModelDownloader;
		};
		3D1B2F0628C735940091BD2F /* FirebaseMessaging */ = {
			isa = XCSwiftPackageProductDependency;
			package = 3D1B2EDD28C735940091BD2F /* XCRemoteSwiftPackageReference "firebase-ios-sdk" */;
			productName = FirebaseMessaging;
		};
		3D1B2F0828C735940091BD2F /* FirebasePerformance */ = {
			isa = XCSwiftPackageProductDependency;
			package = 3D1B2EDD28C735940091BD2F /* XCRemoteSwiftPackageReference "firebase-ios-sdk" */;
			productName = FirebasePerformance;
		};
		3D1B2F0A28C735940091BD2F /* FirebaseRemoteConfig */ = {
			isa = XCSwiftPackageProductDependency;
			package = 3D1B2EDD28C735940091BD2F /* XCRemoteSwiftPackageReference "firebase-ios-sdk" */;
			productName = FirebaseRemoteConfig;
		};
		3D1B2F0C28C735940091BD2F /* FirebaseRemoteConfigSwift */ = {
			isa = XCSwiftPackageProductDependency;
			package = 3D1B2EDD28C735940091BD2F /* XCRemoteSwiftPackageReference "firebase-ios-sdk" */;
			productName = FirebaseRemoteConfigSwift;
		};
		3D1B2F0E28C735940091BD2F /* FirebaseStorage */ = {
			isa = XCSwiftPackageProductDependency;
			package = 3D1B2EDD28C735940091BD2F /* XCRemoteSwiftPackageReference "firebase-ios-sdk" */;
			productName = FirebaseStorage;
		};
		3D1B2F1028C735940091BD2F /* FirebaseStorageCombine-Community */ = {
			isa = XCSwiftPackageProductDependency;
			package = 3D1B2EDD28C735940091BD2F /* XCRemoteSwiftPackageReference "firebase-ios-sdk" */;
			productName = "FirebaseStorageCombine-Community";
		};
/* End XCSwiftPackageProductDependency section */
	};
	rootObject = 3DC2FC8B2886E18E003750D3 /* Project object */;
}
